// !$*UTF8*$!
{
	archiveVersion = 1;
	classes = {
	};
	objectVersion = 51;
	objects = {

/* Begin PBXBuildFile section */
		74CDD6D98EF8FCE52D46BD6A /* Pods_Arventa_Connect_Arventa_ConnectUITests.framework in Frameworks */ = {isa = PBXBuildFile; fileRef = BF879205325117C5F78B1661 /* Pods_Arventa_Connect_Arventa_ConnectUITests.framework */; };
		7A45EF1C02BDDE1078D655E4 /* Pods_Arventa_ConnectTests.framework in Frameworks */ = {isa = PBXBuildFile; fileRef = 6CFB63A154AEAF5B4E32647D /* Pods_Arventa_ConnectTests.framework */; };
		C614A28A2523542900DC8BF7 /* SignInVC+Developer.swift in Sources */ = {isa = PBXBuildFile; fileRef = C614A2892523542900DC8BF7 /* SignInVC+Developer.swift */; };
		C61DD46C251AFBA4006546DF /* ArventaWeb.swift in Sources */ = {isa = PBXBuildFile; fileRef = C61DD46B251AFBA4006546DF /* ArventaWeb.swift */; };
		C61DD474251AFBF1006546DF /* ArventaWeb+Endpoint.swift in Sources */ = {isa = PBXBuildFile; fileRef = C61DD473251AFBF1006546DF /* ArventaWeb+Endpoint.swift */; };
		C61DD479251AFC64006546DF /* Extensions.swift in Sources */ = {isa = PBXBuildFile; fileRef = C61DD478251AFC64006546DF /* Extensions.swift */; };
		C61DD47E251AFCA3006546DF /* Helpers.swift in Sources */ = {isa = PBXBuildFile; fileRef = C61DD47D251AFCA3006546DF /* Helpers.swift */; };
		C61DD482251AFEE9006546DF /* ArventaWeb+Endpoint.swift in Sources */ = {isa = PBXBuildFile; fileRef = C61DD473251AFBF1006546DF /* ArventaWeb+Endpoint.swift */; };
		C61DD486251AFEEC006546DF /* ArventaWeb.swift in Sources */ = {isa = PBXBuildFile; fileRef = C61DD46B251AFBA4006546DF /* ArventaWeb.swift */; };
		C61DD48A251AFF4E006546DF /* Extensions.swift in Sources */ = {isa = PBXBuildFile; fileRef = C61DD478251AFC64006546DF /* Extensions.swift */; };
		C61DD48B251AFF4E006546DF /* Helpers.swift in Sources */ = {isa = PBXBuildFile; fileRef = C61DD47D251AFCA3006546DF /* Helpers.swift */; };
		C61DD4E1251B1FC2006546DF /* Lato-BlackItalic.ttf in Resources */ = {isa = PBXBuildFile; fileRef = C61DD4D6251B1FB9006546DF /* Lato-BlackItalic.ttf */; };
		C61DD4E2251B1FC2006546DF /* Lato-Light.ttf in Resources */ = {isa = PBXBuildFile; fileRef = C61DD4DF251B1FBE006546DF /* Lato-Light.ttf */; };
		C61DD4E3251B1FC2006546DF /* Lato-LightItalic.ttf in Resources */ = {isa = PBXBuildFile; fileRef = C61DD4D8251B1FBA006546DF /* Lato-LightItalic.ttf */; };
		C61DD4E4251B1FC2006546DF /* Lato-Italic.ttf in Resources */ = {isa = PBXBuildFile; fileRef = C61DD4D0251B1FB6006546DF /* Lato-Italic.ttf */; };
		C61DD4E5251B1FC2006546DF /* Lato-Hairline.ttf in Resources */ = {isa = PBXBuildFile; fileRef = C61DD4D7251B1FBA006546DF /* Lato-Hairline.ttf */; };
		C61DD4E6251B1FC2006546DF /* Lato-MediumItalic.ttf in Resources */ = {isa = PBXBuildFile; fileRef = C61DD4DA251B1FBB006546DF /* Lato-MediumItalic.ttf */; };
		C61DD4E7251B1FC2006546DF /* Lato-Semibold.ttf in Resources */ = {isa = PBXBuildFile; fileRef = C61DD4D5251B1FB9006546DF /* Lato-Semibold.ttf */; };
		C61DD4E8251B1FC2006546DF /* Lato-ThinItalic.ttf in Resources */ = {isa = PBXBuildFile; fileRef = C61DD4D1251B1FB7006546DF /* Lato-ThinItalic.ttf */; };
		C61DD4E9251B1FC2006546DF /* Lato-Bold.ttf in Resources */ = {isa = PBXBuildFile; fileRef = C61DD4D4251B1FB8006546DF /* Lato-Bold.ttf */; };
		C61DD4EA251B1FC2006546DF /* Lato-HairlineItalic.ttf in Resources */ = {isa = PBXBuildFile; fileRef = C61DD4D2251B1FB7006546DF /* Lato-HairlineItalic.ttf */; };
		C61DD4EB251B1FC2006546DF /* Lato-Medium.ttf in Resources */ = {isa = PBXBuildFile; fileRef = C61DD4E0251B1FBE006546DF /* Lato-Medium.ttf */; };
		C61DD4EC251B1FC2006546DF /* Lato-Black.ttf in Resources */ = {isa = PBXBuildFile; fileRef = C61DD4DD251B1FBD006546DF /* Lato-Black.ttf */; };
		C61DD4ED251B1FC2006546DF /* Lato-BoldItalic.ttf in Resources */ = {isa = PBXBuildFile; fileRef = C61DD4DE251B1FBD006546DF /* Lato-BoldItalic.ttf */; };
		C61DD4EE251B1FC2006546DF /* Lato-Regular.ttf in Resources */ = {isa = PBXBuildFile; fileRef = C61DD4DC251B1FBC006546DF /* Lato-Regular.ttf */; };
		C61DD4EF251B1FC2006546DF /* Lato-Heavy.ttf in Resources */ = {isa = PBXBuildFile; fileRef = C61DD4D9251B1FBB006546DF /* Lato-Heavy.ttf */; };
		C61DD4F0251B1FC2006546DF /* Lato-Thin.ttf in Resources */ = {isa = PBXBuildFile; fileRef = C61DD4CF251B1FB6006546DF /* Lato-Thin.ttf */; };
		C61DD4F1251B1FC2006546DF /* Lato-SemiboldItalic.ttf in Resources */ = {isa = PBXBuildFile; fileRef = C61DD4D3251B1FB8006546DF /* Lato-SemiboldItalic.ttf */; };
		C61DD4F2251B1FC2006546DF /* Lato-HeavyItalic.ttf in Resources */ = {isa = PBXBuildFile; fileRef = C61DD4DB251B1FBC006546DF /* Lato-HeavyItalic.ttf */; };
		C61DD4F7251B1FD5006546DF /* LandingViewController.swift in Sources */ = {isa = PBXBuildFile; fileRef = C61DD4F6251B1FD5006546DF /* LandingViewController.swift */; };
		C6477DE02521C86E006408E1 /* VerifyAccountViewController.swift in Sources */ = {isa = PBXBuildFile; fileRef = C6477DDF2521C86E006408E1 /* VerifyAccountViewController.swift */; };
		C64AEA5D25236E2000B3E187 /* StoryboardVC.swift in Sources */ = {isa = PBXBuildFile; fileRef = C64AEA5C25236E2000B3E187 /* StoryboardVC.swift */; };
		C64AEA6225237D8700B3E187 /* OverlayDelegate.swift in Sources */ = {isa = PBXBuildFile; fileRef = C64AEA6125237D8700B3E187 /* OverlayDelegate.swift */; };
		C64AEA6825237F8500B3E187 /* User.swift in Sources */ = {isa = PBXBuildFile; fileRef = C64AEA6725237F8500B3E187 /* User.swift */; };
		C64AEA9A25237FDF00B3E187 /* UserDefaultsExt.swift in Sources */ = {isa = PBXBuildFile; fileRef = C64AEA9925237FDF00B3E187 /* UserDefaultsExt.swift */; };
		C64AEA9F2523815000B3E187 /* SideMenuViewController.swift in Sources */ = {isa = PBXBuildFile; fileRef = C64AEA9E2523815000B3E187 /* SideMenuViewController.swift */; };
		C64AEAA4252381E700B3E187 /* NotificationCenterExt.swift in Sources */ = {isa = PBXBuildFile; fileRef = C64AEAA3252381E700B3E187 /* NotificationCenterExt.swift */; };
		C64AEAAC252386CE00B3E187 /* AppTheme.swift in Sources */ = {isa = PBXBuildFile; fileRef = C64AEAAB252386CE00B3E187 /* AppTheme.swift */; };
		C64AEAB4252389E000B3E187 /* Interface+Dashboard.swift in Sources */ = {isa = PBXBuildFile; fileRef = C64AEAB3252389E000B3E187 /* Interface+Dashboard.swift */; };
		C64AEAB925238F1700B3E187 /* LoginHistory.swift in Sources */ = {isa = PBXBuildFile; fileRef = C64AEAB825238F1700B3E187 /* LoginHistory.swift */; };
		C692AE082523439E00BDA109 /* ArventaInterface.swift in Sources */ = {isa = PBXBuildFile; fileRef = C692AE072523439E00BDA109 /* ArventaInterface.swift */; };
		C692AE0B252343FB00BDA109 /* ArventaWeb+Auth.swift in Sources */ = {isa = PBXBuildFile; fileRef = C692AE0A252343FB00BDA109 /* ArventaWeb+Auth.swift */; };
		C692AE0D2523441200BDA109 /* RequestProtocol.swift in Sources */ = {isa = PBXBuildFile; fileRef = C692AE0C2523441200BDA109 /* RequestProtocol.swift */; };
		C692AE0F2523447800BDA109 /* SignInRequeest.swift in Sources */ = {isa = PBXBuildFile; fileRef = C692AE0E2523447800BDA109 /* SignInRequeest.swift */; };
		C6AFA5A0251B391C003551B4 /* SignInViewController.swift in Sources */ = {isa = PBXBuildFile; fileRef = C6AFA59F251B391C003551B4 /* SignInViewController.swift */; };
		C6AFA5F1251B4B00003551B4 /* ArventaViewDelegate.swift in Sources */ = {isa = PBXBuildFile; fileRef = C6AFA5F0251B4B00003551B4 /* ArventaViewDelegate.swift */; };
		C6AFA5F9251B4B40003551B4 /* ArventaWeb+Reachability.swift in Sources */ = {isa = PBXBuildFile; fileRef = C6AFA5F8251B4B40003551B4 /* ArventaWeb+Reachability.swift */; };
		C6AFA5FE251B4B9D003551B4 /* HUDDelegate.swift in Sources */ = {isa = PBXBuildFile; fileRef = C6AFA5FD251B4B9D003551B4 /* HUDDelegate.swift */; };
		C6AFA606251B51DA003551B4 /* GoogleService-Info.plist in Resources */ = {isa = PBXBuildFile; fileRef = C6AFA605251B51DA003551B4 /* GoogleService-Info.plist */; };
		C6D3312A2519FEAB003DD32D /* AppDelegate.swift in Sources */ = {isa = PBXBuildFile; fileRef = C6D331292519FEAB003DD32D /* AppDelegate.swift */; };
		C6D331312519FEAB003DD32D /* Main.storyboard in Resources */ = {isa = PBXBuildFile; fileRef = C6D3312F2519FEAB003DD32D /* Main.storyboard */; };
		C6D331342519FEAB003DD32D /* Arventa_Connect.xcdatamodeld in Sources */ = {isa = PBXBuildFile; fileRef = C6D331322519FEAB003DD32D /* Arventa_Connect.xcdatamodeld */; };
		C6D331362519FEAD003DD32D /* Assets.xcassets in Resources */ = {isa = PBXBuildFile; fileRef = C6D331352519FEAD003DD32D /* Assets.xcassets */; };
		C6D331392519FEAD003DD32D /* LaunchScreen.storyboard in Resources */ = {isa = PBXBuildFile; fileRef = C6D331372519FEAD003DD32D /* LaunchScreen.storyboard */; };
		C6D331442519FEAD003DD32D /* Arventa_ConnectTests.swift in Sources */ = {isa = PBXBuildFile; fileRef = C6D331432519FEAD003DD32D /* Arventa_ConnectTests.swift */; };
		C6D3314F2519FEAD003DD32D /* Arventa_ConnectUITests.swift in Sources */ = {isa = PBXBuildFile; fileRef = C6D3314E2519FEAD003DD32D /* Arventa_ConnectUITests.swift */; };
		C6DF1694251C976F0034E9C5 /* ArventaDB.swift in Sources */ = {isa = PBXBuildFile; fileRef = C6DF1693251C976F0034E9C5 /* ArventaDB.swift */; };
		C6DF1697251C97AB0034E9C5 /* ArventaSync.swift in Sources */ = {isa = PBXBuildFile; fileRef = C6DF1696251C97AB0034E9C5 /* ArventaSync.swift */; };
		F559DAA4BC99C0E60D099311 /* Pods_Arventa_Connect.framework in Frameworks */ = {isa = PBXBuildFile; fileRef = F0C8508D681506DA7C6408DA /* Pods_Arventa_Connect.framework */; };
/* End PBXBuildFile section */

/* Begin PBXContainerItemProxy section */
		C6D331402519FEAD003DD32D /* PBXContainerItemProxy */ = {
			isa = PBXContainerItemProxy;
			containerPortal = C6D3311E2519FEAB003DD32D /* Project object */;
			proxyType = 1;
			remoteGlobalIDString = C6D331252519FEAB003DD32D;
			remoteInfo = "Arventa Connect";
		};
		C6D3314B2519FEAD003DD32D /* PBXContainerItemProxy */ = {
			isa = PBXContainerItemProxy;
			containerPortal = C6D3311E2519FEAB003DD32D /* Project object */;
			proxyType = 1;
			remoteGlobalIDString = C6D331252519FEAB003DD32D;
			remoteInfo = "Arventa Connect";
		};
/* End PBXContainerItemProxy section */

/* Begin PBXFileReference section */
		14EE442AE514D9F61133A0A9 /* Pods-Arventa ConnectTests.debug.xcconfig */ = {isa = PBXFileReference; includeInIndex = 1; lastKnownFileType = text.xcconfig; name = "Pods-Arventa ConnectTests.debug.xcconfig"; path = "Target Support Files/Pods-Arventa ConnectTests/Pods-Arventa ConnectTests.debug.xcconfig"; sourceTree = "<group>"; };
		38BAC5C68978B5ECF6F942DD /* Pods-Arventa Connect-Arventa ConnectUITests.debug.xcconfig */ = {isa = PBXFileReference; includeInIndex = 1; lastKnownFileType = text.xcconfig; name = "Pods-Arventa Connect-Arventa ConnectUITests.debug.xcconfig"; path = "Target Support Files/Pods-Arventa Connect-Arventa ConnectUITests/Pods-Arventa Connect-Arventa ConnectUITests.debug.xcconfig"; sourceTree = "<group>"; };
		5D893796608F176F3EFF4214 /* Pods-Arventa ConnectTests.release.xcconfig */ = {isa = PBXFileReference; includeInIndex = 1; lastKnownFileType = text.xcconfig; name = "Pods-Arventa ConnectTests.release.xcconfig"; path = "Target Support Files/Pods-Arventa ConnectTests/Pods-Arventa ConnectTests.release.xcconfig"; sourceTree = "<group>"; };
		5FF1E4395685E6661FE98B49 /* Pods-Arventa Connect.release.xcconfig */ = {isa = PBXFileReference; includeInIndex = 1; lastKnownFileType = text.xcconfig; name = "Pods-Arventa Connect.release.xcconfig"; path = "Target Support Files/Pods-Arventa Connect/Pods-Arventa Connect.release.xcconfig"; sourceTree = "<group>"; };
		6CFB63A154AEAF5B4E32647D /* Pods_Arventa_ConnectTests.framework */ = {isa = PBXFileReference; explicitFileType = wrapper.framework; includeInIndex = 0; path = Pods_Arventa_ConnectTests.framework; sourceTree = BUILT_PRODUCTS_DIR; };
		6D47AF189A6AB72E36A3650B /* Pods-Arventa Connect.debug.xcconfig */ = {isa = PBXFileReference; includeInIndex = 1; lastKnownFileType = text.xcconfig; name = "Pods-Arventa Connect.debug.xcconfig"; path = "Target Support Files/Pods-Arventa Connect/Pods-Arventa Connect.debug.xcconfig"; sourceTree = "<group>"; };
		BF879205325117C5F78B1661 /* Pods_Arventa_Connect_Arventa_ConnectUITests.framework */ = {isa = PBXFileReference; explicitFileType = wrapper.framework; includeInIndex = 0; path = Pods_Arventa_Connect_Arventa_ConnectUITests.framework; sourceTree = BUILT_PRODUCTS_DIR; };
		C614A2892523542900DC8BF7 /* SignInVC+Developer.swift */ = {isa = PBXFileReference; lastKnownFileType = sourcecode.swift; path = "SignInVC+Developer.swift"; sourceTree = "<group>"; };
		C61DD46B251AFBA4006546DF /* ArventaWeb.swift */ = {isa = PBXFileReference; lastKnownFileType = sourcecode.swift; path = ArventaWeb.swift; sourceTree = "<group>"; };
		C61DD473251AFBF1006546DF /* ArventaWeb+Endpoint.swift */ = {isa = PBXFileReference; lastKnownFileType = sourcecode.swift; path = "ArventaWeb+Endpoint.swift"; sourceTree = "<group>"; };
		C61DD478251AFC64006546DF /* Extensions.swift */ = {isa = PBXFileReference; lastKnownFileType = sourcecode.swift; path = Extensions.swift; sourceTree = "<group>"; };
		C61DD47D251AFCA3006546DF /* Helpers.swift */ = {isa = PBXFileReference; lastKnownFileType = sourcecode.swift; path = Helpers.swift; sourceTree = "<group>"; };
		C61DD4CF251B1FB6006546DF /* Lato-Thin.ttf */ = {isa = PBXFileReference; lastKnownFileType = file; path = "Lato-Thin.ttf"; sourceTree = "<group>"; };
		C61DD4D0251B1FB6006546DF /* Lato-Italic.ttf */ = {isa = PBXFileReference; lastKnownFileType = file; path = "Lato-Italic.ttf"; sourceTree = "<group>"; };
		C61DD4D1251B1FB7006546DF /* Lato-ThinItalic.ttf */ = {isa = PBXFileReference; lastKnownFileType = file; path = "Lato-ThinItalic.ttf"; sourceTree = "<group>"; };
		C61DD4D2251B1FB7006546DF /* Lato-HairlineItalic.ttf */ = {isa = PBXFileReference; lastKnownFileType = file; path = "Lato-HairlineItalic.ttf"; sourceTree = "<group>"; };
		C61DD4D3251B1FB8006546DF /* Lato-SemiboldItalic.ttf */ = {isa = PBXFileReference; lastKnownFileType = file; path = "Lato-SemiboldItalic.ttf"; sourceTree = "<group>"; };
		C61DD4D4251B1FB8006546DF /* Lato-Bold.ttf */ = {isa = PBXFileReference; lastKnownFileType = file; path = "Lato-Bold.ttf"; sourceTree = "<group>"; };
		C61DD4D5251B1FB9006546DF /* Lato-Semibold.ttf */ = {isa = PBXFileReference; lastKnownFileType = file; path = "Lato-Semibold.ttf"; sourceTree = "<group>"; };
		C61DD4D6251B1FB9006546DF /* Lato-BlackItalic.ttf */ = {isa = PBXFileReference; lastKnownFileType = file; path = "Lato-BlackItalic.ttf"; sourceTree = "<group>"; };
		C61DD4D7251B1FBA006546DF /* Lato-Hairline.ttf */ = {isa = PBXFileReference; lastKnownFileType = file; path = "Lato-Hairline.ttf"; sourceTree = "<group>"; };
		C61DD4D8251B1FBA006546DF /* Lato-LightItalic.ttf */ = {isa = PBXFileReference; lastKnownFileType = file; path = "Lato-LightItalic.ttf"; sourceTree = "<group>"; };
		C61DD4D9251B1FBB006546DF /* Lato-Heavy.ttf */ = {isa = PBXFileReference; lastKnownFileType = file; path = "Lato-Heavy.ttf"; sourceTree = "<group>"; };
		C61DD4DA251B1FBB006546DF /* Lato-MediumItalic.ttf */ = {isa = PBXFileReference; lastKnownFileType = file; path = "Lato-MediumItalic.ttf"; sourceTree = "<group>"; };
		C61DD4DB251B1FBC006546DF /* Lato-HeavyItalic.ttf */ = {isa = PBXFileReference; lastKnownFileType = file; path = "Lato-HeavyItalic.ttf"; sourceTree = "<group>"; };
		C61DD4DC251B1FBC006546DF /* Lato-Regular.ttf */ = {isa = PBXFileReference; lastKnownFileType = file; path = "Lato-Regular.ttf"; sourceTree = "<group>"; };
		C61DD4DD251B1FBD006546DF /* Lato-Black.ttf */ = {isa = PBXFileReference; lastKnownFileType = file; path = "Lato-Black.ttf"; sourceTree = "<group>"; };
		C61DD4DE251B1FBD006546DF /* Lato-BoldItalic.ttf */ = {isa = PBXFileReference; lastKnownFileType = file; path = "Lato-BoldItalic.ttf"; sourceTree = "<group>"; };
		C61DD4DF251B1FBE006546DF /* Lato-Light.ttf */ = {isa = PBXFileReference; lastKnownFileType = file; path = "Lato-Light.ttf"; sourceTree = "<group>"; };
		C61DD4E0251B1FBE006546DF /* Lato-Medium.ttf */ = {isa = PBXFileReference; lastKnownFileType = file; path = "Lato-Medium.ttf"; sourceTree = "<group>"; };
		C61DD4F6251B1FD5006546DF /* LandingViewController.swift */ = {isa = PBXFileReference; lastKnownFileType = sourcecode.swift; path = LandingViewController.swift; sourceTree = "<group>"; };
		C6477DDF2521C86E006408E1 /* VerifyAccountViewController.swift */ = {isa = PBXFileReference; lastKnownFileType = sourcecode.swift; path = VerifyAccountViewController.swift; sourceTree = "<group>"; };
		C64AEA5C25236E2000B3E187 /* StoryboardVC.swift */ = {isa = PBXFileReference; lastKnownFileType = sourcecode.swift; path = StoryboardVC.swift; sourceTree = "<group>"; };
		C64AEA6125237D8700B3E187 /* OverlayDelegate.swift */ = {isa = PBXFileReference; lastKnownFileType = sourcecode.swift; path = OverlayDelegate.swift; sourceTree = "<group>"; };
		C64AEA6725237F8500B3E187 /* User.swift */ = {isa = PBXFileReference; lastKnownFileType = sourcecode.swift; path = User.swift; sourceTree = "<group>"; };
		C64AEA9925237FDF00B3E187 /* UserDefaultsExt.swift */ = {isa = PBXFileReference; lastKnownFileType = sourcecode.swift; path = UserDefaultsExt.swift; sourceTree = "<group>"; };
		C64AEA9E2523815000B3E187 /* SideMenuViewController.swift */ = {isa = PBXFileReference; lastKnownFileType = sourcecode.swift; path = SideMenuViewController.swift; sourceTree = "<group>"; };
		C64AEAA3252381E700B3E187 /* NotificationCenterExt.swift */ = {isa = PBXFileReference; lastKnownFileType = sourcecode.swift; path = NotificationCenterExt.swift; sourceTree = "<group>"; };
		C64AEAAB252386CE00B3E187 /* AppTheme.swift */ = {isa = PBXFileReference; lastKnownFileType = sourcecode.swift; path = AppTheme.swift; sourceTree = "<group>"; };
		C64AEAB3252389E000B3E187 /* Interface+Dashboard.swift */ = {isa = PBXFileReference; lastKnownFileType = sourcecode.swift; path = "Interface+Dashboard.swift"; sourceTree = "<group>"; };
		C64AEAB825238F1700B3E187 /* LoginHistory.swift */ = {isa = PBXFileReference; lastKnownFileType = sourcecode.swift; path = LoginHistory.swift; sourceTree = "<group>"; };
		C692AE072523439E00BDA109 /* ArventaInterface.swift */ = {isa = PBXFileReference; lastKnownFileType = sourcecode.swift; path = ArventaInterface.swift; sourceTree = "<group>"; };
		C692AE0A252343FB00BDA109 /* ArventaWeb+Auth.swift */ = {isa = PBXFileReference; lastKnownFileType = sourcecode.swift; path = "ArventaWeb+Auth.swift"; sourceTree = "<group>"; };
		C692AE0C2523441200BDA109 /* RequestProtocol.swift */ = {isa = PBXFileReference; lastKnownFileType = sourcecode.swift; path = RequestProtocol.swift; sourceTree = "<group>"; };
		C692AE0E2523447800BDA109 /* SignInRequeest.swift */ = {isa = PBXFileReference; lastKnownFileType = sourcecode.swift; path = SignInRequeest.swift; sourceTree = "<group>"; };
		C6AFA59F251B391C003551B4 /* SignInViewController.swift */ = {isa = PBXFileReference; lastKnownFileType = sourcecode.swift; path = SignInViewController.swift; sourceTree = "<group>"; };
		C6AFA5F0251B4B00003551B4 /* ArventaViewDelegate.swift */ = {isa = PBXFileReference; lastKnownFileType = sourcecode.swift; path = ArventaViewDelegate.swift; sourceTree = "<group>"; };
		C6AFA5F8251B4B40003551B4 /* ArventaWeb+Reachability.swift */ = {isa = PBXFileReference; lastKnownFileType = sourcecode.swift; path = "ArventaWeb+Reachability.swift"; sourceTree = "<group>"; };
		C6AFA5FD251B4B9D003551B4 /* HUDDelegate.swift */ = {isa = PBXFileReference; lastKnownFileType = sourcecode.swift; path = HUDDelegate.swift; sourceTree = "<group>"; };
		C6AFA605251B51DA003551B4 /* GoogleService-Info.plist */ = {isa = PBXFileReference; fileEncoding = 4; lastKnownFileType = text.plist.xml; path = "GoogleService-Info.plist"; sourceTree = "<group>"; };
		C6D331262519FEAB003DD32D /* Arventa Connect.app */ = {isa = PBXFileReference; explicitFileType = wrapper.application; includeInIndex = 0; path = "Arventa Connect.app"; sourceTree = BUILT_PRODUCTS_DIR; };
		C6D331292519FEAB003DD32D /* AppDelegate.swift */ = {isa = PBXFileReference; lastKnownFileType = sourcecode.swift; path = AppDelegate.swift; sourceTree = "<group>"; };
		C6D331302519FEAB003DD32D /* Base */ = {isa = PBXFileReference; lastKnownFileType = file.storyboard; name = Base; path = Base.lproj/Main.storyboard; sourceTree = "<group>"; };
		C6D331332519FEAB003DD32D /* Arventa_Connect.xcdatamodel */ = {isa = PBXFileReference; lastKnownFileType = wrapper.xcdatamodel; path = Arventa_Connect.xcdatamodel; sourceTree = "<group>"; };
		C6D331352519FEAD003DD32D /* Assets.xcassets */ = {isa = PBXFileReference; lastKnownFileType = folder.assetcatalog; path = Assets.xcassets; sourceTree = "<group>"; };
		C6D331382519FEAD003DD32D /* Base */ = {isa = PBXFileReference; lastKnownFileType = file.storyboard; name = Base; path = Base.lproj/LaunchScreen.storyboard; sourceTree = "<group>"; };
		C6D3313A2519FEAD003DD32D /* Info.plist */ = {isa = PBXFileReference; lastKnownFileType = text.plist.xml; path = Info.plist; sourceTree = "<group>"; };
		C6D3313F2519FEAD003DD32D /* Arventa ConnectTests.xctest */ = {isa = PBXFileReference; explicitFileType = wrapper.cfbundle; includeInIndex = 0; path = "Arventa ConnectTests.xctest"; sourceTree = BUILT_PRODUCTS_DIR; };
		C6D331432519FEAD003DD32D /* Arventa_ConnectTests.swift */ = {isa = PBXFileReference; lastKnownFileType = sourcecode.swift; path = Arventa_ConnectTests.swift; sourceTree = "<group>"; };
		C6D331452519FEAD003DD32D /* Info.plist */ = {isa = PBXFileReference; lastKnownFileType = text.plist.xml; path = Info.plist; sourceTree = "<group>"; };
		C6D3314A2519FEAD003DD32D /* Arventa ConnectUITests.xctest */ = {isa = PBXFileReference; explicitFileType = wrapper.cfbundle; includeInIndex = 0; path = "Arventa ConnectUITests.xctest"; sourceTree = BUILT_PRODUCTS_DIR; };
		C6D3314E2519FEAD003DD32D /* Arventa_ConnectUITests.swift */ = {isa = PBXFileReference; lastKnownFileType = sourcecode.swift; path = Arventa_ConnectUITests.swift; sourceTree = "<group>"; };
		C6D331502519FEAD003DD32D /* Info.plist */ = {isa = PBXFileReference; lastKnownFileType = text.plist.xml; path = Info.plist; sourceTree = "<group>"; };
		C6DF1693251C976F0034E9C5 /* ArventaDB.swift */ = {isa = PBXFileReference; lastKnownFileType = sourcecode.swift; path = ArventaDB.swift; sourceTree = "<group>"; };
		C6DF1696251C97AB0034E9C5 /* ArventaSync.swift */ = {isa = PBXFileReference; lastKnownFileType = sourcecode.swift; path = ArventaSync.swift; sourceTree = "<group>"; };
		EF6A7316D96444FB6AC2133D /* Pods-Arventa Connect-Arventa ConnectUITests.release.xcconfig */ = {isa = PBXFileReference; includeInIndex = 1; lastKnownFileType = text.xcconfig; name = "Pods-Arventa Connect-Arventa ConnectUITests.release.xcconfig"; path = "Target Support Files/Pods-Arventa Connect-Arventa ConnectUITests/Pods-Arventa Connect-Arventa ConnectUITests.release.xcconfig"; sourceTree = "<group>"; };
		F0C8508D681506DA7C6408DA /* Pods_Arventa_Connect.framework */ = {isa = PBXFileReference; explicitFileType = wrapper.framework; includeInIndex = 0; path = Pods_Arventa_Connect.framework; sourceTree = BUILT_PRODUCTS_DIR; };
/* End PBXFileReference section */

/* Begin PBXFrameworksBuildPhase section */
		C6D331232519FEAB003DD32D /* Frameworks */ = {
			isa = PBXFrameworksBuildPhase;
			buildActionMask = 2147483647;
			files = (
				F559DAA4BC99C0E60D099311 /* Pods_Arventa_Connect.framework in Frameworks */,
			);
			runOnlyForDeploymentPostprocessing = 0;
		};
		C6D3313C2519FEAD003DD32D /* Frameworks */ = {
			isa = PBXFrameworksBuildPhase;
			buildActionMask = 2147483647;
			files = (
				7A45EF1C02BDDE1078D655E4 /* Pods_Arventa_ConnectTests.framework in Frameworks */,
			);
			runOnlyForDeploymentPostprocessing = 0;
		};
		C6D331472519FEAD003DD32D /* Frameworks */ = {
			isa = PBXFrameworksBuildPhase;
			buildActionMask = 2147483647;
			files = (
				74CDD6D98EF8FCE52D46BD6A /* Pods_Arventa_Connect_Arventa_ConnectUITests.framework in Frameworks */,
			);
			runOnlyForDeploymentPostprocessing = 0;
		};
/* End PBXFrameworksBuildPhase section */

/* Begin PBXGroup section */
		542F87208A38DF9437142558 /* Frameworks */ = {
			isa = PBXGroup;
			children = (
				F0C8508D681506DA7C6408DA /* Pods_Arventa_Connect.framework */,
				BF879205325117C5F78B1661 /* Pods_Arventa_Connect_Arventa_ConnectUITests.framework */,
				6CFB63A154AEAF5B4E32647D /* Pods_Arventa_ConnectTests.framework */,
			);
			name = Frameworks;
			sourceTree = "<group>";
		};
		9659E84B48E8A5F8915F4CB2 /* Pods */ = {
			isa = PBXGroup;
			children = (
				6D47AF189A6AB72E36A3650B /* Pods-Arventa Connect.debug.xcconfig */,
				5FF1E4395685E6661FE98B49 /* Pods-Arventa Connect.release.xcconfig */,
				38BAC5C68978B5ECF6F942DD /* Pods-Arventa Connect-Arventa ConnectUITests.debug.xcconfig */,
				EF6A7316D96444FB6AC2133D /* Pods-Arventa Connect-Arventa ConnectUITests.release.xcconfig */,
				14EE442AE514D9F61133A0A9 /* Pods-Arventa ConnectTests.debug.xcconfig */,
				5D893796608F176F3EFF4214 /* Pods-Arventa ConnectTests.release.xcconfig */,
			);
			path = Pods;
			sourceTree = "<group>";
		};
		C61DD468251AFB32006546DF /* Storyboards */ = {
			isa = PBXGroup;
			children = (
				C6D3312F2519FEAB003DD32D /* Main.storyboard */,
				C6D331372519FEAD003DD32D /* LaunchScreen.storyboard */,
			);
			path = Storyboards;
			sourceTree = "<group>";
		};
		C61DD469251AFB3E006546DF /* Core */ = {
			isa = PBXGroup;
			children = (
				C692AE09252343CE00BDA109 /* Interface */,
				C61DD46A251AFB72006546DF /* API */,
				C6DF1695251C978E0034E9C5 /* Sync */,
				C6DF1692251C975D0034E9C5 /* DB */,
				C64AEA6625237F7600B3E187 /* Models */,
				C6AFA5EB251B48E8003551B4 /* Requests */,
				C61DD478251AFC64006546DF /* Extensions.swift */,
				C61DD47D251AFCA3006546DF /* Helpers.swift */,
				C64AEA5C25236E2000B3E187 /* StoryboardVC.swift */,
				C64AEA9925237FDF00B3E187 /* UserDefaultsExt.swift */,
				C64AEAA3252381E700B3E187 /* NotificationCenterExt.swift */,
			);
			path = Core;
			sourceTree = "<group>";
		};
		C61DD46A251AFB72006546DF /* API */ = {
			isa = PBXGroup;
			children = (
				C61DD46B251AFBA4006546DF /* ArventaWeb.swift */,
				C61DD473251AFBF1006546DF /* ArventaWeb+Endpoint.swift */,
				C6AFA5F8251B4B40003551B4 /* ArventaWeb+Reachability.swift */,
				C692AE0A252343FB00BDA109 /* ArventaWeb+Auth.swift */,
			);
			path = API;
			sourceTree = "<group>";
		};
		C61DD494251B12FA006546DF /* View Controllers */ = {
			isa = PBXGroup;
			children = (
				C6AFA5EF251B4AF3003551B4 /* Protocols */,
				C61DD4F6251B1FD5006546DF /* LandingViewController.swift */,
				C6AFA59F251B391C003551B4 /* SignInViewController.swift */,
				C614A2892523542900DC8BF7 /* SignInVC+Developer.swift */,
				C6477DDF2521C86E006408E1 /* VerifyAccountViewController.swift */,
				C64AEA9E2523815000B3E187 /* SideMenuViewController.swift */,
			);
			path = "View Controllers";
			sourceTree = "<group>";
		};
		C61DD4C2251B1EFE006546DF /* Resources */ = {
			isa = PBXGroup;
			children = (
				C61DD4CE251B1FAD006546DF /* Fonts */,
				C6D331352519FEAD003DD32D /* Assets.xcassets */,
			);
			path = Resources;
			sourceTree = "<group>";
		};
		C61DD4CE251B1FAD006546DF /* Fonts */ = {
			isa = PBXGroup;
			children = (
				C61DD4DD251B1FBD006546DF /* Lato-Black.ttf */,
				C61DD4D6251B1FB9006546DF /* Lato-BlackItalic.ttf */,
				C61DD4D4251B1FB8006546DF /* Lato-Bold.ttf */,
				C61DD4DE251B1FBD006546DF /* Lato-BoldItalic.ttf */,
				C61DD4D7251B1FBA006546DF /* Lato-Hairline.ttf */,
				C61DD4D2251B1FB7006546DF /* Lato-HairlineItalic.ttf */,
				C61DD4D9251B1FBB006546DF /* Lato-Heavy.ttf */,
				C61DD4DB251B1FBC006546DF /* Lato-HeavyItalic.ttf */,
				C61DD4D0251B1FB6006546DF /* Lato-Italic.ttf */,
				C61DD4DF251B1FBE006546DF /* Lato-Light.ttf */,
				C61DD4D8251B1FBA006546DF /* Lato-LightItalic.ttf */,
				C61DD4E0251B1FBE006546DF /* Lato-Medium.ttf */,
				C61DD4DA251B1FBB006546DF /* Lato-MediumItalic.ttf */,
				C61DD4DC251B1FBC006546DF /* Lato-Regular.ttf */,
				C61DD4D5251B1FB9006546DF /* Lato-Semibold.ttf */,
				C61DD4D3251B1FB8006546DF /* Lato-SemiboldItalic.ttf */,
				C61DD4CF251B1FB6006546DF /* Lato-Thin.ttf */,
				C61DD4D1251B1FB7006546DF /* Lato-ThinItalic.ttf */,
			);
			path = Fonts;
			sourceTree = "<group>";
		};
		C64AEA6625237F7600B3E187 /* Models */ = {
			isa = PBXGroup;
			children = (
				C64AEA6725237F8500B3E187 /* User.swift */,
				C64AEAAB252386CE00B3E187 /* AppTheme.swift */,
				C64AEAB825238F1700B3E187 /* LoginHistory.swift */,
			);
			path = Models;
			sourceTree = "<group>";
		};
		C692AE09252343CE00BDA109 /* Interface */ = {
			isa = PBXGroup;
			children = (
				C692AE072523439E00BDA109 /* ArventaInterface.swift */,
				C64AEAB3252389E000B3E187 /* Interface+Dashboard.swift */,
			);
			path = Interface;
			sourceTree = "<group>";
		};
		C6AFA5EB251B48E8003551B4 /* Requests */ = {
			isa = PBXGroup;
			children = (
				C692AE0C2523441200BDA109 /* RequestProtocol.swift */,
				C692AE0E2523447800BDA109 /* SignInRequeest.swift */,
			);
			path = Requests;
			sourceTree = "<group>";
		};
		C6AFA5EF251B4AF3003551B4 /* Protocols */ = {
			isa = PBXGroup;
			children = (
				C6AFA5F0251B4B00003551B4 /* ArventaViewDelegate.swift */,
				C6AFA5FD251B4B9D003551B4 /* HUDDelegate.swift */,
				C64AEA6125237D8700B3E187 /* OverlayDelegate.swift */,
			);
			path = Protocols;
			sourceTree = "<group>";
		};
		C6D3311D2519FEAB003DD32D = {
			isa = PBXGroup;
			children = (
				C6D331282519FEAB003DD32D /* Arventa Connect */,
				C6D331422519FEAD003DD32D /* Arventa ConnectTests */,
				C6D3314D2519FEAD003DD32D /* Arventa ConnectUITests */,
				C6D331272519FEAB003DD32D /* Products */,
				9659E84B48E8A5F8915F4CB2 /* Pods */,
				542F87208A38DF9437142558 /* Frameworks */,
			);
			sourceTree = "<group>";
		};
		C6D331272519FEAB003DD32D /* Products */ = {
			isa = PBXGroup;
			children = (
				C6D331262519FEAB003DD32D /* Arventa Connect.app */,
				C6D3313F2519FEAD003DD32D /* Arventa ConnectTests.xctest */,
				C6D3314A2519FEAD003DD32D /* Arventa ConnectUITests.xctest */,
			);
			name = Products;
			sourceTree = "<group>";
		};
		C6D331282519FEAB003DD32D /* Arventa Connect */ = {
			isa = PBXGroup;
			children = (
				C61DD469251AFB3E006546DF /* Core */,
				C61DD4C2251B1EFE006546DF /* Resources */,
				C61DD468251AFB32006546DF /* Storyboards */,
				C61DD494251B12FA006546DF /* View Controllers */,
				C6D331292519FEAB003DD32D /* AppDelegate.swift */,
				C6D3313A2519FEAD003DD32D /* Info.plist */,
				C6D331322519FEAB003DD32D /* Arventa_Connect.xcdatamodeld */,
				C6AFA605251B51DA003551B4 /* GoogleService-Info.plist */,
			);
			path = "Arventa Connect";
			sourceTree = "<group>";
		};
		C6D331422519FEAD003DD32D /* Arventa ConnectTests */ = {
			isa = PBXGroup;
			children = (
				C6D331432519FEAD003DD32D /* Arventa_ConnectTests.swift */,
				C6D331452519FEAD003DD32D /* Info.plist */,
			);
			path = "Arventa ConnectTests";
			sourceTree = "<group>";
		};
		C6D3314D2519FEAD003DD32D /* Arventa ConnectUITests */ = {
			isa = PBXGroup;
			children = (
				C6D3314E2519FEAD003DD32D /* Arventa_ConnectUITests.swift */,
				C6D331502519FEAD003DD32D /* Info.plist */,
			);
			path = "Arventa ConnectUITests";
			sourceTree = "<group>";
		};
		C6DF1692251C975D0034E9C5 /* DB */ = {
			isa = PBXGroup;
			children = (
				C6DF1693251C976F0034E9C5 /* ArventaDB.swift */,
			);
			path = DB;
			sourceTree = "<group>";
		};
		C6DF1695251C978E0034E9C5 /* Sync */ = {
			isa = PBXGroup;
			children = (
				C6DF1696251C97AB0034E9C5 /* ArventaSync.swift */,
			);
			path = Sync;
			sourceTree = "<group>";
		};
/* End PBXGroup section */

/* Begin PBXNativeTarget section */
		C6D331252519FEAB003DD32D /* Arventa Connect */ = {
			isa = PBXNativeTarget;
			buildConfigurationList = C6D331532519FEAD003DD32D /* Build configuration list for PBXNativeTarget "Arventa Connect" */;
			buildPhases = (
				32850690E23EA802625DAF3F /* [CP] Check Pods Manifest.lock */,
				C6D331222519FEAB003DD32D /* Sources */,
				C6D331232519FEAB003DD32D /* Frameworks */,
				C6D331242519FEAB003DD32D /* Resources */,
				9DDEF742DACEA217C7F649F8 /* [CP] Embed Pods Frameworks */,
			);
			buildRules = (
			);
			dependencies = (
			);
			name = "Arventa Connect";
			productName = "Arventa Connect";
			productReference = C6D331262519FEAB003DD32D /* Arventa Connect.app */;
			productType = "com.apple.product-type.application";
		};
		C6D3313E2519FEAD003DD32D /* Arventa ConnectTests */ = {
			isa = PBXNativeTarget;
			buildConfigurationList = C6D331562519FEAD003DD32D /* Build configuration list for PBXNativeTarget "Arventa ConnectTests" */;
			buildPhases = (
				657984AB64856BA2E9DFBE62 /* [CP] Check Pods Manifest.lock */,
				C6D3313B2519FEAD003DD32D /* Sources */,
				C6D3313C2519FEAD003DD32D /* Frameworks */,
				C6D3313D2519FEAD003DD32D /* Resources */,
			);
			buildRules = (
			);
			dependencies = (
				C6D331412519FEAD003DD32D /* PBXTargetDependency */,
			);
			name = "Arventa ConnectTests";
			productName = "Arventa ConnectTests";
			productReference = C6D3313F2519FEAD003DD32D /* Arventa ConnectTests.xctest */;
			productType = "com.apple.product-type.bundle.unit-test";
		};
		C6D331492519FEAD003DD32D /* Arventa ConnectUITests */ = {
			isa = PBXNativeTarget;
			buildConfigurationList = C6D331592519FEAD003DD32D /* Build configuration list for PBXNativeTarget "Arventa ConnectUITests" */;
			buildPhases = (
				D8D6F873C7727B2574EEB7E1 /* [CP] Check Pods Manifest.lock */,
				C6D331462519FEAD003DD32D /* Sources */,
				C6D331472519FEAD003DD32D /* Frameworks */,
				C6D331482519FEAD003DD32D /* Resources */,
				CD54FEC256F88EB6B2479602 /* [CP] Embed Pods Frameworks */,
			);
			buildRules = (
			);
			dependencies = (
				C6D3314C2519FEAD003DD32D /* PBXTargetDependency */,
			);
			name = "Arventa ConnectUITests";
			productName = "Arventa ConnectUITests";
			productReference = C6D3314A2519FEAD003DD32D /* Arventa ConnectUITests.xctest */;
			productType = "com.apple.product-type.bundle.ui-testing";
		};
/* End PBXNativeTarget section */

/* Begin PBXProject section */
		C6D3311E2519FEAB003DD32D /* Project object */ = {
			isa = PBXProject;
			attributes = {
				LastSwiftUpdateCheck = 1200;
				LastUpgradeCheck = 1200;
				TargetAttributes = {
					C6D331252519FEAB003DD32D = {
						CreatedOnToolsVersion = 12.0;
					};
					C6D3313E2519FEAD003DD32D = {
						CreatedOnToolsVersion = 12.0;
						TestTargetID = C6D331252519FEAB003DD32D;
					};
					C6D331492519FEAD003DD32D = {
						CreatedOnToolsVersion = 12.0;
						TestTargetID = C6D331252519FEAB003DD32D;
					};
				};
			};
			buildConfigurationList = C6D331212519FEAB003DD32D /* Build configuration list for PBXProject "Arventa Connect" */;
			compatibilityVersion = "Xcode 9.3";
			developmentRegion = en;
			hasScannedForEncodings = 0;
			knownRegions = (
				en,
				Base,
			);
			mainGroup = C6D3311D2519FEAB003DD32D;
			productRefGroup = C6D331272519FEAB003DD32D /* Products */;
			projectDirPath = "";
			projectRoot = "";
			targets = (
				C6D331252519FEAB003DD32D /* Arventa Connect */,
				C6D3313E2519FEAD003DD32D /* Arventa ConnectTests */,
				C6D331492519FEAD003DD32D /* Arventa ConnectUITests */,
			);
		};
/* End PBXProject section */

/* Begin PBXResourcesBuildPhase section */
		C6D331242519FEAB003DD32D /* Resources */ = {
			isa = PBXResourcesBuildPhase;
			buildActionMask = 2147483647;
			files = (
				C61DD4EF251B1FC2006546DF /* Lato-Heavy.ttf in Resources */,
				C61DD4E8251B1FC2006546DF /* Lato-ThinItalic.ttf in Resources */,
				C6D331392519FEAD003DD32D /* LaunchScreen.storyboard in Resources */,
				C61DD4E7251B1FC2006546DF /* Lato-Semibold.ttf in Resources */,
				C61DD4EC251B1FC2006546DF /* Lato-Black.ttf in Resources */,
				C61DD4EA251B1FC2006546DF /* Lato-HairlineItalic.ttf in Resources */,
				C61DD4ED251B1FC2006546DF /* Lato-BoldItalic.ttf in Resources */,
				C61DD4E1251B1FC2006546DF /* Lato-BlackItalic.ttf in Resources */,
				C61DD4E9251B1FC2006546DF /* Lato-Bold.ttf in Resources */,
				C6AFA606251B51DA003551B4 /* GoogleService-Info.plist in Resources */,
				C61DD4E2251B1FC2006546DF /* Lato-Light.ttf in Resources */,
				C6D331362519FEAD003DD32D /* Assets.xcassets in Resources */,
				C61DD4E5251B1FC2006546DF /* Lato-Hairline.ttf in Resources */,
				C61DD4EB251B1FC2006546DF /* Lato-Medium.ttf in Resources */,
				C61DD4EE251B1FC2006546DF /* Lato-Regular.ttf in Resources */,
				C6D331312519FEAB003DD32D /* Main.storyboard in Resources */,
				C61DD4F2251B1FC2006546DF /* Lato-HeavyItalic.ttf in Resources */,
				C61DD4E4251B1FC2006546DF /* Lato-Italic.ttf in Resources */,
				C61DD4F0251B1FC2006546DF /* Lato-Thin.ttf in Resources */,
				C61DD4E3251B1FC2006546DF /* Lato-LightItalic.ttf in Resources */,
				C61DD4E6251B1FC2006546DF /* Lato-MediumItalic.ttf in Resources */,
				C61DD4F1251B1FC2006546DF /* Lato-SemiboldItalic.ttf in Resources */,
			);
			runOnlyForDeploymentPostprocessing = 0;
		};
		C6D3313D2519FEAD003DD32D /* Resources */ = {
			isa = PBXResourcesBuildPhase;
			buildActionMask = 2147483647;
			files = (
			);
			runOnlyForDeploymentPostprocessing = 0;
		};
		C6D331482519FEAD003DD32D /* Resources */ = {
			isa = PBXResourcesBuildPhase;
			buildActionMask = 2147483647;
			files = (
			);
			runOnlyForDeploymentPostprocessing = 0;
		};
/* End PBXResourcesBuildPhase section */

/* Begin PBXShellScriptBuildPhase section */
		32850690E23EA802625DAF3F /* [CP] Check Pods Manifest.lock */ = {
			isa = PBXShellScriptBuildPhase;
			buildActionMask = 2147483647;
			files = (
			);
			inputFileListPaths = (
			);
			inputPaths = (
				"${PODS_PODFILE_DIR_PATH}/Podfile.lock",
				"${PODS_ROOT}/Manifest.lock",
			);
			name = "[CP] Check Pods Manifest.lock";
			outputFileListPaths = (
			);
			outputPaths = (
				"$(DERIVED_FILE_DIR)/Pods-Arventa Connect-checkManifestLockResult.txt",
			);
			runOnlyForDeploymentPostprocessing = 0;
			shellPath = /bin/sh;
			shellScript = "diff \"${PODS_PODFILE_DIR_PATH}/Podfile.lock\" \"${PODS_ROOT}/Manifest.lock\" > /dev/null\nif [ $? != 0 ] ; then\n    # print error to STDERR\n    echo \"error: The sandbox is not in sync with the Podfile.lock. Run 'pod install' or update your CocoaPods installation.\" >&2\n    exit 1\nfi\n# This output is used by Xcode 'outputs' to avoid re-running this script phase.\necho \"SUCCESS\" > \"${SCRIPT_OUTPUT_FILE_0}\"\n";
			showEnvVarsInLog = 0;
		};
		657984AB64856BA2E9DFBE62 /* [CP] Check Pods Manifest.lock */ = {
			isa = PBXShellScriptBuildPhase;
			buildActionMask = 2147483647;
			files = (
			);
			inputFileListPaths = (
			);
			inputPaths = (
				"${PODS_PODFILE_DIR_PATH}/Podfile.lock",
				"${PODS_ROOT}/Manifest.lock",
			);
			name = "[CP] Check Pods Manifest.lock";
			outputFileListPaths = (
			);
			outputPaths = (
				"$(DERIVED_FILE_DIR)/Pods-Arventa ConnectTests-checkManifestLockResult.txt",
			);
			runOnlyForDeploymentPostprocessing = 0;
			shellPath = /bin/sh;
			shellScript = "diff \"${PODS_PODFILE_DIR_PATH}/Podfile.lock\" \"${PODS_ROOT}/Manifest.lock\" > /dev/null\nif [ $? != 0 ] ; then\n    # print error to STDERR\n    echo \"error: The sandbox is not in sync with the Podfile.lock. Run 'pod install' or update your CocoaPods installation.\" >&2\n    exit 1\nfi\n# This output is used by Xcode 'outputs' to avoid re-running this script phase.\necho \"SUCCESS\" > \"${SCRIPT_OUTPUT_FILE_0}\"\n";
			showEnvVarsInLog = 0;
		};
		9DDEF742DACEA217C7F649F8 /* [CP] Embed Pods Frameworks */ = {
			isa = PBXShellScriptBuildPhase;
			buildActionMask = 2147483647;
			files = (
			);
			inputFileListPaths = (
				"${PODS_ROOT}/Target Support Files/Pods-Arventa Connect/Pods-Arventa Connect-frameworks-${CONFIGURATION}-input-files.xcfilelist",
			);
			name = "[CP] Embed Pods Frameworks";
			outputFileListPaths = (
				"${PODS_ROOT}/Target Support Files/Pods-Arventa Connect/Pods-Arventa Connect-frameworks-${CONFIGURATION}-output-files.xcfilelist",
			);
			runOnlyForDeploymentPostprocessing = 0;
			shellPath = /bin/sh;
			shellScript = "\"${PODS_ROOT}/Target Support Files/Pods-Arventa Connect/Pods-Arventa Connect-frameworks.sh\"\n";
			showEnvVarsInLog = 0;
		};
		CD54FEC256F88EB6B2479602 /* [CP] Embed Pods Frameworks */ = {
			isa = PBXShellScriptBuildPhase;
			buildActionMask = 2147483647;
			files = (
			);
			inputFileListPaths = (
				"${PODS_ROOT}/Target Support Files/Pods-Arventa Connect-Arventa ConnectUITests/Pods-Arventa Connect-Arventa ConnectUITests-frameworks-${CONFIGURATION}-input-files.xcfilelist",
			);
			name = "[CP] Embed Pods Frameworks";
			outputFileListPaths = (
				"${PODS_ROOT}/Target Support Files/Pods-Arventa Connect-Arventa ConnectUITests/Pods-Arventa Connect-Arventa ConnectUITests-frameworks-${CONFIGURATION}-output-files.xcfilelist",
			);
			runOnlyForDeploymentPostprocessing = 0;
			shellPath = /bin/sh;
			shellScript = "\"${PODS_ROOT}/Target Support Files/Pods-Arventa Connect-Arventa ConnectUITests/Pods-Arventa Connect-Arventa ConnectUITests-frameworks.sh\"\n";
			showEnvVarsInLog = 0;
		};
		D8D6F873C7727B2574EEB7E1 /* [CP] Check Pods Manifest.lock */ = {
			isa = PBXShellScriptBuildPhase;
			buildActionMask = 2147483647;
			files = (
			);
			inputFileListPaths = (
			);
			inputPaths = (
				"${PODS_PODFILE_DIR_PATH}/Podfile.lock",
				"${PODS_ROOT}/Manifest.lock",
			);
			name = "[CP] Check Pods Manifest.lock";
			outputFileListPaths = (
			);
			outputPaths = (
				"$(DERIVED_FILE_DIR)/Pods-Arventa Connect-Arventa ConnectUITests-checkManifestLockResult.txt",
			);
			runOnlyForDeploymentPostprocessing = 0;
			shellPath = /bin/sh;
			shellScript = "diff \"${PODS_PODFILE_DIR_PATH}/Podfile.lock\" \"${PODS_ROOT}/Manifest.lock\" > /dev/null\nif [ $? != 0 ] ; then\n    # print error to STDERR\n    echo \"error: The sandbox is not in sync with the Podfile.lock. Run 'pod install' or update your CocoaPods installation.\" >&2\n    exit 1\nfi\n# This output is used by Xcode 'outputs' to avoid re-running this script phase.\necho \"SUCCESS\" > \"${SCRIPT_OUTPUT_FILE_0}\"\n";
			showEnvVarsInLog = 0;
		};
/* End PBXShellScriptBuildPhase section */

/* Begin PBXSourcesBuildPhase section */
		C6D331222519FEAB003DD32D /* Sources */ = {
			isa = PBXSourcesBuildPhase;
			buildActionMask = 2147483647;
			files = (
				C64AEAB4252389E000B3E187 /* Interface+Dashboard.swift in Sources */,
				C64AEA9A25237FDF00B3E187 /* UserDefaultsExt.swift in Sources */,
				C6AFA5F1251B4B00003551B4 /* ArventaViewDelegate.swift in Sources */,
				C614A28A2523542900DC8BF7 /* SignInVC+Developer.swift in Sources */,
				C64AEAB925238F1700B3E187 /* LoginHistory.swift in Sources */,
				C61DD47E251AFCA3006546DF /* Helpers.swift in Sources */,
				C61DD4F7251B1FD5006546DF /* LandingViewController.swift in Sources */,
				C692AE082523439E00BDA109 /* ArventaInterface.swift in Sources */,
				C6DF1694251C976F0034E9C5 /* ArventaDB.swift in Sources */,
				C61DD479251AFC64006546DF /* Extensions.swift in Sources */,
				C6477DE02521C86E006408E1 /* VerifyAccountViewController.swift in Sources */,
				C64AEAA4252381E700B3E187 /* NotificationCenterExt.swift in Sources */,
				C6D3312A2519FEAB003DD32D /* AppDelegate.swift in Sources */,
				C6DF1697251C97AB0034E9C5 /* ArventaSync.swift in Sources */,
				C64AEAAC252386CE00B3E187 /* AppTheme.swift in Sources */,
				C692AE0D2523441200BDA109 /* RequestProtocol.swift in Sources */,
				C6AFA5A0251B391C003551B4 /* SignInViewController.swift in Sources */,
				C64AEA9F2523815000B3E187 /* SideMenuViewController.swift in Sources */,
				C61DD474251AFBF1006546DF /* ArventaWeb+Endpoint.swift in Sources */,
				C64AEA5D25236E2000B3E187 /* StoryboardVC.swift in Sources */,
				C6AFA5FE251B4B9D003551B4 /* HUDDelegate.swift in Sources */,
				C61DD46C251AFBA4006546DF /* ArventaWeb.swift in Sources */,
				C64AEA6225237D8700B3E187 /* OverlayDelegate.swift in Sources */,
				C692AE0F2523447800BDA109 /* SignInRequeest.swift in Sources */,
				C6D331342519FEAB003DD32D /* Arventa_Connect.xcdatamodeld in Sources */,
				C6AFA5F9251B4B40003551B4 /* ArventaWeb+Reachability.swift in Sources */,
				C692AE0B252343FB00BDA109 /* ArventaWeb+Auth.swift in Sources */,
				C64AEA6825237F8500B3E187 /* User.swift in Sources */,
			);
			runOnlyForDeploymentPostprocessing = 0;
		};
		C6D3313B2519FEAD003DD32D /* Sources */ = {
			isa = PBXSourcesBuildPhase;
			buildActionMask = 2147483647;
			files = (
				C61DD486251AFEEC006546DF /* ArventaWeb.swift in Sources */,
				C6D331442519FEAD003DD32D /* Arventa_ConnectTests.swift in Sources */,
				C61DD482251AFEE9006546DF /* ArventaWeb+Endpoint.swift in Sources */,
				C61DD48B251AFF4E006546DF /* Helpers.swift in Sources */,
				C61DD48A251AFF4E006546DF /* Extensions.swift in Sources */,
			);
			runOnlyForDeploymentPostprocessing = 0;
		};
		C6D331462519FEAD003DD32D /* Sources */ = {
			isa = PBXSourcesBuildPhase;
			buildActionMask = 2147483647;
			files = (
				C6D3314F2519FEAD003DD32D /* Arventa_ConnectUITests.swift in Sources */,
			);
			runOnlyForDeploymentPostprocessing = 0;
		};
/* End PBXSourcesBuildPhase section */

/* Begin PBXTargetDependency section */
		C6D331412519FEAD003DD32D /* PBXTargetDependency */ = {
			isa = PBXTargetDependency;
			target = C6D331252519FEAB003DD32D /* Arventa Connect */;
			targetProxy = C6D331402519FEAD003DD32D /* PBXContainerItemProxy */;
		};
		C6D3314C2519FEAD003DD32D /* PBXTargetDependency */ = {
			isa = PBXTargetDependency;
			target = C6D331252519FEAB003DD32D /* Arventa Connect */;
			targetProxy = C6D3314B2519FEAD003DD32D /* PBXContainerItemProxy */;
		};
/* End PBXTargetDependency section */

/* Begin PBXVariantGroup section */
		C6D3312F2519FEAB003DD32D /* Main.storyboard */ = {
			isa = PBXVariantGroup;
			children = (
				C6D331302519FEAB003DD32D /* Base */,
			);
			name = Main.storyboard;
			sourceTree = "<group>";
		};
		C6D331372519FEAD003DD32D /* LaunchScreen.storyboard */ = {
			isa = PBXVariantGroup;
			children = (
				C6D331382519FEAD003DD32D /* Base */,
			);
			name = LaunchScreen.storyboard;
			sourceTree = "<group>";
		};
/* End PBXVariantGroup section */

/* Begin XCBuildConfiguration section */
		C6D331512519FEAD003DD32D /* Debug */ = {
			isa = XCBuildConfiguration;
			buildSettings = {
				ALWAYS_SEARCH_USER_PATHS = NO;
				CLANG_ANALYZER_NONNULL = YES;
				CLANG_ANALYZER_NUMBER_OBJECT_CONVERSION = YES_AGGRESSIVE;
				CLANG_CXX_LANGUAGE_STANDARD = "gnu++14";
				CLANG_CXX_LIBRARY = "libc++";
				CLANG_ENABLE_MODULES = YES;
				CLANG_ENABLE_OBJC_ARC = YES;
				CLANG_ENABLE_OBJC_WEAK = YES;
				CLANG_WARN_BLOCK_CAPTURE_AUTORELEASING = YES;
				CLANG_WARN_BOOL_CONVERSION = YES;
				CLANG_WARN_COMMA = YES;
				CLANG_WARN_CONSTANT_CONVERSION = YES;
				CLANG_WARN_DEPRECATED_OBJC_IMPLEMENTATIONS = YES;
				CLANG_WARN_DIRECT_OBJC_ISA_USAGE = YES_ERROR;
				CLANG_WARN_DOCUMENTATION_COMMENTS = YES;
				CLANG_WARN_EMPTY_BODY = YES;
				CLANG_WARN_ENUM_CONVERSION = YES;
				CLANG_WARN_INFINITE_RECURSION = YES;
				CLANG_WARN_INT_CONVERSION = YES;
				CLANG_WARN_NON_LITERAL_NULL_CONVERSION = YES;
				CLANG_WARN_OBJC_IMPLICIT_RETAIN_SELF = YES;
				CLANG_WARN_OBJC_LITERAL_CONVERSION = YES;
				CLANG_WARN_OBJC_ROOT_CLASS = YES_ERROR;
				CLANG_WARN_QUOTED_INCLUDE_IN_FRAMEWORK_HEADER = YES;
				CLANG_WARN_RANGE_LOOP_ANALYSIS = YES;
				CLANG_WARN_STRICT_PROTOTYPES = YES;
				CLANG_WARN_SUSPICIOUS_MOVE = YES;
				CLANG_WARN_UNGUARDED_AVAILABILITY = YES_AGGRESSIVE;
				CLANG_WARN_UNREACHABLE_CODE = YES;
				CLANG_WARN__DUPLICATE_METHOD_MATCH = YES;
				COPY_PHASE_STRIP = NO;
				DEBUG_INFORMATION_FORMAT = dwarf;
				ENABLE_STRICT_OBJC_MSGSEND = YES;
				ENABLE_TESTABILITY = YES;
				GCC_C_LANGUAGE_STANDARD = gnu11;
				GCC_DYNAMIC_NO_PIC = NO;
				GCC_NO_COMMON_BLOCKS = YES;
				GCC_OPTIMIZATION_LEVEL = 0;
				GCC_PREPROCESSOR_DEFINITIONS = (
					"DEBUG=1",
					"$(inherited)",
				);
				GCC_WARN_64_TO_32_BIT_CONVERSION = YES;
				GCC_WARN_ABOUT_RETURN_TYPE = YES_ERROR;
				GCC_WARN_UNDECLARED_SELECTOR = YES;
				GCC_WARN_UNINITIALIZED_AUTOS = YES_AGGRESSIVE;
				GCC_WARN_UNUSED_FUNCTION = YES;
				GCC_WARN_UNUSED_VARIABLE = YES;
				IPHONEOS_DEPLOYMENT_TARGET = 14.0;
				MTL_ENABLE_DEBUG_INFO = INCLUDE_SOURCE;
				MTL_FAST_MATH = YES;
				ONLY_ACTIVE_ARCH = YES;
				SDKROOT = iphoneos;
				SWIFT_ACTIVE_COMPILATION_CONDITIONS = DEBUG;
				SWIFT_OPTIMIZATION_LEVEL = "-Onone";
			};
			name = Debug;
		};
		C6D331522519FEAD003DD32D /* Release */ = {
			isa = XCBuildConfiguration;
			buildSettings = {
				ALWAYS_SEARCH_USER_PATHS = NO;
				CLANG_ANALYZER_NONNULL = YES;
				CLANG_ANALYZER_NUMBER_OBJECT_CONVERSION = YES_AGGRESSIVE;
				CLANG_CXX_LANGUAGE_STANDARD = "gnu++14";
				CLANG_CXX_LIBRARY = "libc++";
				CLANG_ENABLE_MODULES = YES;
				CLANG_ENABLE_OBJC_ARC = YES;
				CLANG_ENABLE_OBJC_WEAK = YES;
				CLANG_WARN_BLOCK_CAPTURE_AUTORELEASING = YES;
				CLANG_WARN_BOOL_CONVERSION = YES;
				CLANG_WARN_COMMA = YES;
				CLANG_WARN_CONSTANT_CONVERSION = YES;
				CLANG_WARN_DEPRECATED_OBJC_IMPLEMENTATIONS = YES;
				CLANG_WARN_DIRECT_OBJC_ISA_USAGE = YES_ERROR;
				CLANG_WARN_DOCUMENTATION_COMMENTS = YES;
				CLANG_WARN_EMPTY_BODY = YES;
				CLANG_WARN_ENUM_CONVERSION = YES;
				CLANG_WARN_INFINITE_RECURSION = YES;
				CLANG_WARN_INT_CONVERSION = YES;
				CLANG_WARN_NON_LITERAL_NULL_CONVERSION = YES;
				CLANG_WARN_OBJC_IMPLICIT_RETAIN_SELF = YES;
				CLANG_WARN_OBJC_LITERAL_CONVERSION = YES;
				CLANG_WARN_OBJC_ROOT_CLASS = YES_ERROR;
				CLANG_WARN_QUOTED_INCLUDE_IN_FRAMEWORK_HEADER = YES;
				CLANG_WARN_RANGE_LOOP_ANALYSIS = YES;
				CLANG_WARN_STRICT_PROTOTYPES = YES;
				CLANG_WARN_SUSPICIOUS_MOVE = YES;
				CLANG_WARN_UNGUARDED_AVAILABILITY = YES_AGGRESSIVE;
				CLANG_WARN_UNREACHABLE_CODE = YES;
				CLANG_WARN__DUPLICATE_METHOD_MATCH = YES;
				COPY_PHASE_STRIP = NO;
				DEBUG_INFORMATION_FORMAT = "dwarf-with-dsym";
				ENABLE_NS_ASSERTIONS = NO;
				ENABLE_STRICT_OBJC_MSGSEND = YES;
				GCC_C_LANGUAGE_STANDARD = gnu11;
				GCC_NO_COMMON_BLOCKS = YES;
				GCC_WARN_64_TO_32_BIT_CONVERSION = YES;
				GCC_WARN_ABOUT_RETURN_TYPE = YES_ERROR;
				GCC_WARN_UNDECLARED_SELECTOR = YES;
				GCC_WARN_UNINITIALIZED_AUTOS = YES_AGGRESSIVE;
				GCC_WARN_UNUSED_FUNCTION = YES;
				GCC_WARN_UNUSED_VARIABLE = YES;
				IPHONEOS_DEPLOYMENT_TARGET = 14.0;
				MTL_ENABLE_DEBUG_INFO = NO;
				MTL_FAST_MATH = YES;
				SDKROOT = iphoneos;
				SWIFT_COMPILATION_MODE = wholemodule;
				SWIFT_OPTIMIZATION_LEVEL = "-O";
				VALIDATE_PRODUCT = YES;
			};
			name = Release;
		};
		C6D331542519FEAD003DD32D /* Debug */ = {
			isa = XCBuildConfiguration;
			baseConfigurationReference = 6D47AF189A6AB72E36A3650B /* Pods-Arventa Connect.debug.xcconfig */;
			buildSettings = {
				ASSETCATALOG_COMPILER_APPICON_NAME = AppIcon;
				ASSETCATALOG_COMPILER_GLOBAL_ACCENT_COLOR_NAME = AccentColor;
				CODE_SIGN_STYLE = Automatic;
				CURRENT_PROJECT_VERSION = 20201002.1.1;
				DEVELOPMENT_TEAM = XYNUDY2FG5;
				INFOPLIST_FILE = "Arventa Connect/Info.plist";
				IPHONEOS_DEPLOYMENT_TARGET = 12.0;
				LD_RUNPATH_SEARCH_PATHS = (
					"$(inherited)",
					"@executable_path/Frameworks",
				);
				PRODUCT_BUNDLE_IDENTIFIER = com.arventa.tmp.connect;
				PRODUCT_NAME = "$(TARGET_NAME)";
				SWIFT_VERSION = 5.0;
				TARGETED_DEVICE_FAMILY = "1,2";
			};
			name = Debug;
		};
		C6D331552519FEAD003DD32D /* Release */ = {
			isa = XCBuildConfiguration;
			baseConfigurationReference = 5FF1E4395685E6661FE98B49 /* Pods-Arventa Connect.release.xcconfig */;
			buildSettings = {
				ASSETCATALOG_COMPILER_APPICON_NAME = AppIcon;
				ASSETCATALOG_COMPILER_GLOBAL_ACCENT_COLOR_NAME = AccentColor;
				CODE_SIGN_STYLE = Automatic;
				CURRENT_PROJECT_VERSION = 20201002.1.1;
				DEVELOPMENT_TEAM = XYNUDY2FG5;
				INFOPLIST_FILE = "Arventa Connect/Info.plist";
				IPHONEOS_DEPLOYMENT_TARGET = 12.0;
				LD_RUNPATH_SEARCH_PATHS = (
					"$(inherited)",
					"@executable_path/Frameworks",
				);
				PRODUCT_BUNDLE_IDENTIFIER = com.arventa.tmp.connect;
				PRODUCT_NAME = "$(TARGET_NAME)";
				SWIFT_VERSION = 5.0;
				TARGETED_DEVICE_FAMILY = "1,2";
			};
			name = Release;
		};
		C6D331572519FEAD003DD32D /* Debug */ = {
			isa = XCBuildConfiguration;
			baseConfigurationReference = 14EE442AE514D9F61133A0A9 /* Pods-Arventa ConnectTests.debug.xcconfig */;
			buildSettings = {
				ALWAYS_EMBED_SWIFT_STANDARD_LIBRARIES = YES;
				BUNDLE_LOADER = "$(TEST_HOST)";
				CODE_SIGN_STYLE = Automatic;
				DEVELOPMENT_TEAM = XYNUDY2FG5;
				INFOPLIST_FILE = "Arventa ConnectTests/Info.plist";
				IPHONEOS_DEPLOYMENT_TARGET = 14.0;
				LD_RUNPATH_SEARCH_PATHS = (
					"$(inherited)",
					"@executable_path/Frameworks",
					"@loader_path/Frameworks",
				);
				PRODUCT_BUNDLE_IDENTIFIER = "com.rogomi.init.arventa-connect.Arventa-ConnectTests";
				PRODUCT_NAME = "$(TARGET_NAME)";
				SWIFT_VERSION = 5.0;
				TARGETED_DEVICE_FAMILY = "1,2";
				TEST_HOST = "$(BUILT_PRODUCTS_DIR)/Arventa Connect.app/Arventa Connect";
			};
			name = Debug;
		};
		C6D331582519FEAD003DD32D /* Release */ = {
			isa = XCBuildConfiguration;
			baseConfigurationReference = 5D893796608F176F3EFF4214 /* Pods-Arventa ConnectTests.release.xcconfig */;
			buildSettings = {
				ALWAYS_EMBED_SWIFT_STANDARD_LIBRARIES = YES;
				BUNDLE_LOADER = "$(TEST_HOST)";
				CODE_SIGN_STYLE = Automatic;
				DEVELOPMENT_TEAM = XYNUDY2FG5;
				INFOPLIST_FILE = "Arventa ConnectTests/Info.plist";
				IPHONEOS_DEPLOYMENT_TARGET = 14.0;
				LD_RUNPATH_SEARCH_PATHS = (
					"$(inherited)",
					"@executable_path/Frameworks",
					"@loader_path/Frameworks",
				);
				PRODUCT_BUNDLE_IDENTIFIER = "com.rogomi.init.arventa-connect.Arventa-ConnectTests";
				PRODUCT_NAME = "$(TARGET_NAME)";
				SWIFT_VERSION = 5.0;
				TARGETED_DEVICE_FAMILY = "1,2";
				TEST_HOST = "$(BUILT_PRODUCTS_DIR)/Arventa Connect.app/Arventa Connect";
			};
			name = Release;
		};
		C6D3315A2519FEAD003DD32D /* Debug */ = {
			isa = XCBuildConfiguration;
			baseConfigurationReference = 38BAC5C68978B5ECF6F942DD /* Pods-Arventa Connect-Arventa ConnectUITests.debug.xcconfig */;
			buildSettings = {
				ALWAYS_EMBED_SWIFT_STANDARD_LIBRARIES = YES;
				CODE_SIGN_STYLE = Automatic;
				DEVELOPMENT_TEAM = XYNUDY2FG5;
				INFOPLIST_FILE = "Arventa ConnectUITests/Info.plist";
				LD_RUNPATH_SEARCH_PATHS = (
					"$(inherited)",
					"@executable_path/Frameworks",
					"@loader_path/Frameworks",
				);
				PRODUCT_BUNDLE_IDENTIFIER = "com.rogomi.init.arventa-connect.Arventa-ConnectUITests";
				PRODUCT_NAME = "$(TARGET_NAME)";
				SWIFT_VERSION = 5.0;
				TARGETED_DEVICE_FAMILY = "1,2";
				TEST_TARGET_NAME = "Arventa Connect";
			};
			name = Debug;
		};
		C6D3315B2519FEAD003DD32D /* Release */ = {
			isa = XCBuildConfiguration;
			baseConfigurationReference = EF6A7316D96444FB6AC2133D /* Pods-Arventa Connect-Arventa ConnectUITests.release.xcconfig */;
			buildSettings = {
				ALWAYS_EMBED_SWIFT_STANDARD_LIBRARIES = YES;
				CODE_SIGN_STYLE = Automatic;
				DEVELOPMENT_TEAM = XYNUDY2FG5;
				INFOPLIST_FILE = "Arventa ConnectUITests/Info.plist";
				LD_RUNPATH_SEARCH_PATHS = (
					"$(inherited)",
					"@executable_path/Frameworks",
					"@loader_path/Frameworks",
				);
				PRODUCT_BUNDLE_IDENTIFIER = "com.rogomi.init.arventa-connect.Arventa-ConnectUITests";
				PRODUCT_NAME = "$(TARGET_NAME)";
				SWIFT_VERSION = 5.0;
				TARGETED_DEVICE_FAMILY = "1,2";
				TEST_TARGET_NAME = "Arventa Connect";
			};
			name = Release;
		};
/* End XCBuildConfiguration section */

/* Begin XCConfigurationList section */
		C6D331212519FEAB003DD32D /* Build configuration list for PBXProject "Arventa Connect" */ = {
			isa = XCConfigurationList;
			buildConfigurations = (
				C6D331512519FEAD003DD32D /* Debug */,
				C6D331522519FEAD003DD32D /* Release */,
			);
			defaultConfigurationIsVisible = 0;
			defaultConfigurationName = Release;
		};
		C6D331532519FEAD003DD32D /* Build configuration list for PBXNativeTarget "Arventa Connect" */ = {
			isa = XCConfigurationList;
			buildConfigurations = (
				C6D331542519FEAD003DD32D /* Debug */,
				C6D331552519FEAD003DD32D /* Release */,
			);
			defaultConfigurationIsVisible = 0;
			defaultConfigurationName = Release;
		};
		C6D331562519FEAD003DD32D /* Build configuration list for PBXNativeTarget "Arventa ConnectTests" */ = {
			isa = XCConfigurationList;
			buildConfigurations = (
				C6D331572519FEAD003DD32D /* Debug */,
				C6D331582519FEAD003DD32D /* Release */,
			);
			defaultConfigurationIsVisible = 0;
			defaultConfigurationName = Release;
		};
		C6D331592519FEAD003DD32D /* Build configuration list for PBXNativeTarget "Arventa ConnectUITests" */ = {
			isa = XCConfigurationList;
			buildConfigurations = (
				C6D3315A2519FEAD003DD32D /* Debug */,
				C6D3315B2519FEAD003DD32D /* Release */,
			);
			defaultConfigurationIsVisible = 0;
			defaultConfigurationName = Release;
		};
/* End XCConfigurationList section */

/* Begin XCVersionGroup section */
		C6D331322519FEAB003DD32D /* Arventa_Connect.xcdatamodeld */ = {
			isa = XCVersionGroup;
			children = (
				C6D331332519FEAB003DD32D /* Arventa_Connect.xcdatamodel */,
			);
			currentVersion = C6D331332519FEAB003DD32D /* Arventa_Connect.xcdatamodel */;
			path = Arventa_Connect.xcdatamodeld;
			sourceTree = "<group>";
			versionGroupType = wrapper.xcdatamodel;
		};
/* End XCVersionGroup section */
	};
	rootObject = C6D3311E2519FEAB003DD32D /* Project object */;
}
